
Microsoft Visual Studio Solution File, Format Version 12.00
Project("{FAE04EC0-301F-11D3-BF4B-00C04F79EFBC}") = "WPF", "WPF\WPF.csproj", "{F6E77B0B-3C3A-4A49-9A85-6B3B2501D5B9}"
EndProject
Project("{FAE04EC0-301F-11D3-BF4B-00C04F79EFBC}") = "BLL", "BLL\BLL.csproj", "{80BD4992-936F-4839-BF84-F963C9957104}"
EndProject
Project("{FAE04EC0-301F-11D3-BF4B-00C04F79EFBC}") = "DAL", "DAL\DAL.csproj", "{A01A29BE-279D-4E84-96AD-B2E128211913}"
EndProject
Global
	GlobalSection(SolutionConfigurationPlatforms) = preSolution
		Debug|Any CPU = Debug|Any CPU
		Release|Any CPU = Release|Any CPU
	EndGlobalSection
	GlobalSection(ProjectConfigurationPlatforms) = postSolution
		{F6E77B0B-3C3A-4A49-9A85-6B3B2501D5B9}.Debug|Any CPU.ActiveCfg = Debug|Any CPU
		{F6E77B0B-3C3A-4A49-9A85-6B3B2501D5B9}.Debug|Any CPU.Build.0 = Debug|Any CPU
		{F6E77B0B-3C3A-4A49-9A85-6B3B2501D5B9}.Release|Any CPU.ActiveCfg = Release|Any CPU
		{F6E77B0B-3C3A-4A49-9A85-6B3B2501D5B9}.Release|Any CPU.Build.0 = Release|Any CPU
		{80BD4992-936F-4839-BF84-F963C9957104}.Debug|Any CPU.ActiveCfg = Debug|Any CPU
		{80BD4992-936F-4839-BF84-F963C9957104}.Debug|Any CPU.Build.0 = Debug|Any CPU
		{80BD4992-936F-4839-BF84-F963C9957104}.Release|Any CPU.ActiveCfg = Release|Any CPU
		{80BD4992-936F-4839-BF84-F963C9957104}.Release|Any CPU.Build.0 = Release|Any CPU
		{A01A29BE-279D-4E84-96AD-B2E128211913}.Debug|Any CPU.ActiveCfg = Debug|Any CPU
		{A01A29BE-279D-4E84-96AD-B2E128211913}.Debug|Any CPU.Build.0 = Debug|Any CPU
		{A01A29BE-279D-4E84-96AD-B2E128211913}.Release|Any CPU.ActiveCfg = Release|Any CPU
		{A01A29BE-279D-4E84-96AD-B2E128211913}.Release|Any CPU.Build.0 = Release|Any CPU
	EndGlobalSection
EndGlobal
